// !$*UTF8*$!
{
	archiveVersion = 1;
	classes = {
	};
	objectVersion = 51;
	objects = {

/* Begin PBXBuildFile section */
		440802382369C4B900318F38 /* TabBarController.swift in Sources */ = {isa = PBXBuildFile; fileRef = 440802372369C4B900318F38 /* TabBarController.swift */; };
		4408023A2369E2C100318F38 /* CustomSegmentedControl.swift in Sources */ = {isa = PBXBuildFile; fileRef = 440802392369E2C100318F38 /* CustomSegmentedControl.swift */; };
		4408023C2369E39700318F38 /* LocationsView.swift in Sources */ = {isa = PBXBuildFile; fileRef = 4408023B2369E39700318F38 /* LocationsView.swift */; };
		444552EA236BE31E009E1C22 /* NavigationController.swift in Sources */ = {isa = PBXBuildFile; fileRef = 444552E9236BE31E009E1C22 /* NavigationController.swift */; };
		444AB67E236B5761004E8EC9 /* MapAppLoader.swift in Sources */ = {isa = PBXBuildFile; fileRef = 444AB67B236B5761004E8EC9 /* MapAppLoader.swift */; };
		444AB67F236B5761004E8EC9 /* AppleMapsLoader.swift in Sources */ = {isa = PBXBuildFile; fileRef = 444AB67C236B5761004E8EC9 /* AppleMapsLoader.swift */; };
		444AB680236B5761004E8EC9 /* GoogleMapsLoader.swift in Sources */ = {isa = PBXBuildFile; fileRef = 444AB67D236B5761004E8EC9 /* GoogleMapsLoader.swift */; };
		D00438E7208DBE0C00173602 /* SessionsDetailsViewController.swift in Sources */ = {isa = PBXBuildFile; fileRef = D00438E6208DBE0C00173602 /* SessionsDetailsViewController.swift */; };
		D00438EB208DC0E000173602 /* SessionsDetailsViewController.xib in Resources */ = {isa = PBXBuildFile; fileRef = D00438E9208DC0E000173602 /* SessionsDetailsViewController.xib */; };
		D05AA5A1208C64F1002DC68C /* AppDelegate.swift in Sources */ = {isa = PBXBuildFile; fileRef = D05AA5A0208C64F1002DC68C /* AppDelegate.swift */; };
		D05AA5A3208C64F1002DC68C /* ScheduleViewController.swift in Sources */ = {isa = PBXBuildFile; fileRef = D05AA5A2208C64F1002DC68C /* ScheduleViewController.swift */; };
		D05AA5A5208C64F1002DC68C /* SpeakersViewController.swift in Sources */ = {isa = PBXBuildFile; fileRef = D05AA5A4208C64F1002DC68C /* SpeakersViewController.swift */; };
		D05AA5AA208C64F2002DC68C /* Assets.xcassets in Resources */ = {isa = PBXBuildFile; fileRef = D05AA5A9208C64F2002DC68C /* Assets.xcassets */; };
		D05AA5AD208C64F2002DC68C /* LaunchScreen.storyboard in Resources */ = {isa = PBXBuildFile; fileRef = D05AA5AB208C64F2002DC68C /* LaunchScreen.storyboard */; };
		D05AA5C3208C6AB2002DC68C /* VenueViewController.swift in Sources */ = {isa = PBXBuildFile; fileRef = D05AA5C2208C6AB2002DC68C /* VenueViewController.swift */; };
		D05AA5C9208C7902002DC68C /* Localizable.strings in Resources */ = {isa = PBXBuildFile; fileRef = D05AA5C7208C7902002DC68C /* Localizable.strings */; };
		D05AA5CF208C7A9A002DC68C /* R.generated.swift in Sources */ = {isa = PBXBuildFile; fileRef = D05AA5CE208C7A9A002DC68C /* R.generated.swift */; };
		D05AA5D5208C8152002DC68C /* ScheduleSource.swift in Sources */ = {isa = PBXBuildFile; fileRef = D05AA5D4208C8152002DC68C /* ScheduleSource.swift */; };
		D05AA5D8208C8260002DC68C /* Tag.swift in Sources */ = {isa = PBXBuildFile; fileRef = D05AA5D7208C8260002DC68C /* Tag.swift */; };
		D05AA5DA208C8332002DC68C /* Speaker.swift in Sources */ = {isa = PBXBuildFile; fileRef = D05AA5D9208C8332002DC68C /* Speaker.swift */; };
		D05AA5DC208C83EA002DC68C /* Social.swift in Sources */ = {isa = PBXBuildFile; fileRef = D05AA5DB208C83EA002DC68C /* Social.swift */; };
		D05AA5DE208C84B0002DC68C /* Session.swift in Sources */ = {isa = PBXBuildFile; fileRef = D05AA5DD208C84B0002DC68C /* Session.swift */; };
		D05AA5E2208C85B4002DC68C /* Day.swift in Sources */ = {isa = PBXBuildFile; fileRef = D05AA5E1208C85B4002DC68C /* Day.swift */; };
		D05AA5E6208C8663002DC68C /* Timeslot.swift in Sources */ = {isa = PBXBuildFile; fileRef = D05AA5E5208C8663002DC68C /* Timeslot.swift */; };
		D05AA5E8208C8859002DC68C /* Utils.swift in Sources */ = {isa = PBXBuildFile; fileRef = D05AA5E7208C8859002DC68C /* Utils.swift */; };
		D05AA5F0208C8C94002DC68C /* UICustomTableViewCell.swift in Sources */ = {isa = PBXBuildFile; fileRef = D05AA5EF208C8C94002DC68C /* UICustomTableViewCell.swift */; };
		D05AA5F6208C981E002DC68C /* GoogleService-Info.plist in Resources */ = {isa = PBXBuildFile; fileRef = D05AA5F5208C981D002DC68C /* GoogleService-Info.plist */; };
		D05AA5F8208CDE91002DC68C /* SessionTableViewHeader.swift in Sources */ = {isa = PBXBuildFile; fileRef = D05AA5F7208CDE91002DC68C /* SessionTableViewHeader.swift */; };
		D05AA5FD208CDF8A002DC68C /* SessionTableViewCell.xib in Resources */ = {isa = PBXBuildFile; fileRef = D05AA5FB208CDF8A002DC68C /* SessionTableViewCell.xib */; };
		D05AA5FE208CDF8A002DC68C /* SessionTableViewCell.swift in Sources */ = {isa = PBXBuildFile; fileRef = D05AA5FC208CDF8A002DC68C /* SessionTableViewCell.swift */; };
		D05AA600208CDFA4002DC68C /* SessionTableViewHeader.xib in Resources */ = {isa = PBXBuildFile; fileRef = D05AA5FF208CDFA4002DC68C /* SessionTableViewHeader.xib */; };
		D0A59F5020AAD79D0011173F /* InfoPlist.strings in Resources */ = {isa = PBXBuildFile; fileRef = D0A59F5220AAD79D0011173F /* InfoPlist.strings */; };
		D0A59F5520AAF1470011173F /* BaseViewController.swift in Sources */ = {isa = PBXBuildFile; fileRef = D0A59F5420AAF1470011173F /* BaseViewController.swift */; };
		D0A59F5C20AB7ECF0011173F /* SpeakerTableViewCell.swift in Sources */ = {isa = PBXBuildFile; fileRef = D0A59F5A20AB7ECF0011173F /* SpeakerTableViewCell.swift */; };
		D0A59F5D20AB7ECF0011173F /* SpeakerTableViewCell.xib in Resources */ = {isa = PBXBuildFile; fileRef = D0A59F5B20AB7ECF0011173F /* SpeakerTableViewCell.xib */; };
		D0A59F5F20AB83D90011173F /* SpeakersSource.swift in Sources */ = {isa = PBXBuildFile; fileRef = D0A59F5E20AB83D90011173F /* SpeakersSource.swift */; };
		D0D5B6BF20A74F9E00163B45 /* SettingsDataManager.swift in Sources */ = {isa = PBXBuildFile; fileRef = D0D5B6BE20A74F9E00163B45 /* SettingsDataManager.swift */; };
		D0DBBD6020B2D59C0091FF21 /* SpeakersDetailsViewController.swift in Sources */ = {isa = PBXBuildFile; fileRef = D0DBBD5F20B2D59C0091FF21 /* SpeakersDetailsViewController.swift */; };
		D0DBBD6220B2D5FC0091FF21 /* SpeakersDetailsViewController.xib in Resources */ = {isa = PBXBuildFile; fileRef = D0DBBD6120B2D5FC0091FF21 /* SpeakersDetailsViewController.xib */; };
		D0F51F95208D2725000E08AE /* SessionTableViewLegendCell.swift in Sources */ = {isa = PBXBuildFile; fileRef = D0F51F93208D2725000E08AE /* SessionTableViewLegendCell.swift */; };
		D0F51F96208D2725000E08AE /* SessionTableViewLegendCell.xib in Resources */ = {isa = PBXBuildFile; fileRef = D0F51F94208D2725000E08AE /* SessionTableViewLegendCell.xib */; };
		F49B9088E62489CB9CC8CA37 /* Pods_MobileEra.framework in Frameworks */ = {isa = PBXBuildFile; fileRef = 08BFB7EAA70763CD20BE9D12 /* Pods_MobileEra.framework */; };
/* End PBXBuildFile section */

/* Begin PBXFileReference section */
		08BFB7EAA70763CD20BE9D12 /* Pods_MobileEra.framework */ = {isa = PBXFileReference; explicitFileType = wrapper.framework; includeInIndex = 0; path = Pods_MobileEra.framework; sourceTree = BUILT_PRODUCTS_DIR; };
		440802372369C4B900318F38 /* TabBarController.swift */ = {isa = PBXFileReference; lastKnownFileType = sourcecode.swift; path = TabBarController.swift; sourceTree = "<group>"; };
		440802392369E2C100318F38 /* CustomSegmentedControl.swift */ = {isa = PBXFileReference; lastKnownFileType = sourcecode.swift; path = CustomSegmentedControl.swift; sourceTree = "<group>"; };
		4408023B2369E39700318F38 /* LocationsView.swift */ = {isa = PBXFileReference; lastKnownFileType = sourcecode.swift; path = LocationsView.swift; sourceTree = "<group>"; };
		444552E9236BE31E009E1C22 /* NavigationController.swift */ = {isa = PBXFileReference; lastKnownFileType = sourcecode.swift; path = NavigationController.swift; sourceTree = "<group>"; };
		444AB67B236B5761004E8EC9 /* MapAppLoader.swift */ = {isa = PBXFileReference; fileEncoding = 4; lastKnownFileType = sourcecode.swift; path = MapAppLoader.swift; sourceTree = "<group>"; };
		444AB67C236B5761004E8EC9 /* AppleMapsLoader.swift */ = {isa = PBXFileReference; fileEncoding = 4; lastKnownFileType = sourcecode.swift; path = AppleMapsLoader.swift; sourceTree = "<group>"; };
		444AB67D236B5761004E8EC9 /* GoogleMapsLoader.swift */ = {isa = PBXFileReference; fileEncoding = 4; lastKnownFileType = sourcecode.swift; path = GoogleMapsLoader.swift; sourceTree = "<group>"; };
		82746AF1FF69AE5F44AC4F70 /* Pods-MobileEra.debug.xcconfig */ = {isa = PBXFileReference; includeInIndex = 1; lastKnownFileType = text.xcconfig; name = "Pods-MobileEra.debug.xcconfig"; path = "Target Support Files/Pods-MobileEra/Pods-MobileEra.debug.xcconfig"; sourceTree = "<group>"; };
		D00438E6208DBE0C00173602 /* SessionsDetailsViewController.swift */ = {isa = PBXFileReference; fileEncoding = 4; lastKnownFileType = sourcecode.swift; path = SessionsDetailsViewController.swift; sourceTree = "<group>"; };
		D00438E9208DC0E000173602 /* SessionsDetailsViewController.xib */ = {isa = PBXFileReference; lastKnownFileType = file.xib; path = SessionsDetailsViewController.xib; sourceTree = "<group>"; };
		D05AA59D208C64F1002DC68C /* MobileEra.app */ = {isa = PBXFileReference; explicitFileType = wrapper.application; includeInIndex = 0; path = MobileEra.app; sourceTree = BUILT_PRODUCTS_DIR; };
		D05AA5A0208C64F1002DC68C /* AppDelegate.swift */ = {isa = PBXFileReference; lastKnownFileType = sourcecode.swift; path = AppDelegate.swift; sourceTree = "<group>"; };
		D05AA5A2208C64F1002DC68C /* ScheduleViewController.swift */ = {isa = PBXFileReference; lastKnownFileType = sourcecode.swift; path = ScheduleViewController.swift; sourceTree = "<group>"; };
		D05AA5A4208C64F1002DC68C /* SpeakersViewController.swift */ = {isa = PBXFileReference; lastKnownFileType = sourcecode.swift; path = SpeakersViewController.swift; sourceTree = "<group>"; };
		D05AA5A9208C64F2002DC68C /* Assets.xcassets */ = {isa = PBXFileReference; lastKnownFileType = folder.assetcatalog; path = Assets.xcassets; sourceTree = "<group>"; };
		D05AA5AC208C64F2002DC68C /* Base */ = {isa = PBXFileReference; lastKnownFileType = file.storyboard; name = Base; path = Base.lproj/LaunchScreen.storyboard; sourceTree = "<group>"; };
		D05AA5AE208C64F2002DC68C /* Info.plist */ = {isa = PBXFileReference; lastKnownFileType = text.plist.xml; path = Info.plist; sourceTree = "<group>"; };
		D05AA5C2208C6AB2002DC68C /* VenueViewController.swift */ = {isa = PBXFileReference; lastKnownFileType = sourcecode.swift; path = VenueViewController.swift; sourceTree = "<group>"; };
		D05AA5C8208C7902002DC68C /* en */ = {isa = PBXFileReference; lastKnownFileType = text.plist.strings; name = en; path = en.lproj/Localizable.strings; sourceTree = "<group>"; };
		D05AA5CE208C7A9A002DC68C /* R.generated.swift */ = {isa = PBXFileReference; fileEncoding = 4; lastKnownFileType = sourcecode.swift; path = R.generated.swift; sourceTree = SOURCE_ROOT; };
		D05AA5D4208C8152002DC68C /* ScheduleSource.swift */ = {isa = PBXFileReference; lastKnownFileType = sourcecode.swift; path = ScheduleSource.swift; sourceTree = "<group>"; };
		D05AA5D7208C8260002DC68C /* Tag.swift */ = {isa = PBXFileReference; lastKnownFileType = sourcecode.swift; path = Tag.swift; sourceTree = "<group>"; };
		D05AA5D9208C8332002DC68C /* Speaker.swift */ = {isa = PBXFileReference; lastKnownFileType = sourcecode.swift; path = Speaker.swift; sourceTree = "<group>"; };
		D05AA5DB208C83EA002DC68C /* Social.swift */ = {isa = PBXFileReference; lastKnownFileType = sourcecode.swift; path = Social.swift; sourceTree = "<group>"; };
		D05AA5DD208C84B0002DC68C /* Session.swift */ = {isa = PBXFileReference; lastKnownFileType = sourcecode.swift; path = Session.swift; sourceTree = "<group>"; };
		D05AA5E1208C85B4002DC68C /* Day.swift */ = {isa = PBXFileReference; lastKnownFileType = sourcecode.swift; path = Day.swift; sourceTree = "<group>"; };
		D05AA5E5208C8663002DC68C /* Timeslot.swift */ = {isa = PBXFileReference; lastKnownFileType = sourcecode.swift; path = Timeslot.swift; sourceTree = "<group>"; };
		D05AA5E7208C8859002DC68C /* Utils.swift */ = {isa = PBXFileReference; lastKnownFileType = sourcecode.swift; path = Utils.swift; sourceTree = "<group>"; };
		D05AA5EF208C8C94002DC68C /* UICustomTableViewCell.swift */ = {isa = PBXFileReference; lastKnownFileType = sourcecode.swift; name = UICustomTableViewCell.swift; path = Cells/UICustomTableViewCell.swift; sourceTree = "<group>"; };
		D05AA5F5208C981D002DC68C /* GoogleService-Info.plist */ = {isa = PBXFileReference; fileEncoding = 4; lastKnownFileType = text.plist.xml; path = "GoogleService-Info.plist"; sourceTree = "<group>"; };
		D05AA5F7208CDE91002DC68C /* SessionTableViewHeader.swift */ = {isa = PBXFileReference; lastKnownFileType = sourcecode.swift; name = SessionTableViewHeader.swift; path = Cells/SessionTableViewHeader.swift; sourceTree = "<group>"; };
		D05AA5FB208CDF8A002DC68C /* SessionTableViewCell.xib */ = {isa = PBXFileReference; fileEncoding = 4; lastKnownFileType = file.xib; name = SessionTableViewCell.xib; path = Cells/SessionTableViewCell.xib; sourceTree = "<group>"; };
		D05AA5FC208CDF8A002DC68C /* SessionTableViewCell.swift */ = {isa = PBXFileReference; fileEncoding = 4; lastKnownFileType = sourcecode.swift; name = SessionTableViewCell.swift; path = Cells/SessionTableViewCell.swift; sourceTree = "<group>"; };
		D05AA5FF208CDFA4002DC68C /* SessionTableViewHeader.xib */ = {isa = PBXFileReference; fileEncoding = 4; lastKnownFileType = file.xib; name = SessionTableViewHeader.xib; path = Cells/SessionTableViewHeader.xib; sourceTree = "<group>"; };
		D0A59F5320AAD7A30011173F /* en */ = {isa = PBXFileReference; lastKnownFileType = text.plist.strings; name = en; path = en.lproj/InfoPlist.strings; sourceTree = "<group>"; };
		D0A59F5420AAF1470011173F /* BaseViewController.swift */ = {isa = PBXFileReference; lastKnownFileType = sourcecode.swift; path = BaseViewController.swift; sourceTree = "<group>"; };
		D0A59F5A20AB7ECF0011173F /* SpeakerTableViewCell.swift */ = {isa = PBXFileReference; lastKnownFileType = sourcecode.swift; name = SpeakerTableViewCell.swift; path = Cells/SpeakerTableViewCell.swift; sourceTree = "<group>"; };
		D0A59F5B20AB7ECF0011173F /* SpeakerTableViewCell.xib */ = {isa = PBXFileReference; lastKnownFileType = file.xib; name = SpeakerTableViewCell.xib; path = Cells/SpeakerTableViewCell.xib; sourceTree = "<group>"; };
		D0A59F5E20AB83D90011173F /* SpeakersSource.swift */ = {isa = PBXFileReference; lastKnownFileType = sourcecode.swift; path = SpeakersSource.swift; sourceTree = "<group>"; };
		D0D5B6BE20A74F9E00163B45 /* SettingsDataManager.swift */ = {isa = PBXFileReference; lastKnownFileType = sourcecode.swift; path = SettingsDataManager.swift; sourceTree = "<group>"; };
		D0DBBD5F20B2D59C0091FF21 /* SpeakersDetailsViewController.swift */ = {isa = PBXFileReference; lastKnownFileType = sourcecode.swift; path = SpeakersDetailsViewController.swift; sourceTree = "<group>"; };
		D0DBBD6120B2D5FC0091FF21 /* SpeakersDetailsViewController.xib */ = {isa = PBXFileReference; fileEncoding = 4; lastKnownFileType = file.xib; path = SpeakersDetailsViewController.xib; sourceTree = "<group>"; };
		D0F51F93208D2725000E08AE /* SessionTableViewLegendCell.swift */ = {isa = PBXFileReference; lastKnownFileType = sourcecode.swift; path = SessionTableViewLegendCell.swift; sourceTree = "<group>"; };
		D0F51F94208D2725000E08AE /* SessionTableViewLegendCell.xib */ = {isa = PBXFileReference; lastKnownFileType = file.xib; path = SessionTableViewLegendCell.xib; sourceTree = "<group>"; };
		F6922A42D0B34E161FEF2C63 /* Pods-MobileEra.release.xcconfig */ = {isa = PBXFileReference; includeInIndex = 1; lastKnownFileType = text.xcconfig; name = "Pods-MobileEra.release.xcconfig"; path = "Target Support Files/Pods-MobileEra/Pods-MobileEra.release.xcconfig"; sourceTree = "<group>"; };
/* End PBXFileReference section */

/* Begin PBXFrameworksBuildPhase section */
		D05AA59A208C64F1002DC68C /* Frameworks */ = {
			isa = PBXFrameworksBuildPhase;
			buildActionMask = 2147483647;
			files = (
				F49B9088E62489CB9CC8CA37 /* Pods_MobileEra.framework in Frameworks */,
			);
			runOnlyForDeploymentPostprocessing = 0;
		};
/* End PBXFrameworksBuildPhase section */

/* Begin PBXGroup section */
		444AB67A236B5761004E8EC9 /* ExternalMapApps */ = {
			isa = PBXGroup;
			children = (
				444AB67B236B5761004E8EC9 /* MapAppLoader.swift */,
				444AB67C236B5761004E8EC9 /* AppleMapsLoader.swift */,
				444AB67D236B5761004E8EC9 /* GoogleMapsLoader.swift */,
			);
			path = ExternalMapApps;
			sourceTree = "<group>";
		};
		B551C69DCE0AEA26176AE6F4 /* Frameworks */ = {
			isa = PBXGroup;
			children = (
				08BFB7EAA70763CD20BE9D12 /* Pods_MobileEra.framework */,
			);
			name = Frameworks;
			sourceTree = "<group>";
		};
		D05AA594208C64F1002DC68C = {
			isa = PBXGroup;
			children = (
				D05AA59F208C64F1002DC68C /* MobileEra */,
				D05AA59E208C64F1002DC68C /* Products */,
				EA2C9D6AD9CFF973AD25C8B9 /* Pods */,
				B551C69DCE0AEA26176AE6F4 /* Frameworks */,
			);
			sourceTree = "<group>";
		};
		D05AA59E208C64F1002DC68C /* Products */ = {
			isa = PBXGroup;
			children = (
				D05AA59D208C64F1002DC68C /* MobileEra.app */,
			);
			name = Products;
			sourceTree = "<group>";
		};
		D05AA59F208C64F1002DC68C /* MobileEra */ = {
			isa = PBXGroup;
			children = (
				444AB67A236B5761004E8EC9 /* ExternalMapApps */,
				D0D5B6BD20A74F9000163B45 /* DataManagers */,
				D05AA5EE208C8C48002DC68C /* Cells */,
				D05AA5D6208C81B0002DC68C /* Model */,
				D05AA5D3208C8137002DC68C /* Datasources */,
				D05AA5A0208C64F1002DC68C /* AppDelegate.swift */,
				D05AA5F5208C981D002DC68C /* GoogleService-Info.plist */,
				D0A59F5420AAF1470011173F /* BaseViewController.swift */,
				D05AA5A2208C64F1002DC68C /* ScheduleViewController.swift */,
				D05AA5A4208C64F1002DC68C /* SpeakersViewController.swift */,
				D05AA5C2208C6AB2002DC68C /* VenueViewController.swift */,
				D0DBBD5F20B2D59C0091FF21 /* SpeakersDetailsViewController.swift */,
				D0DBBD6120B2D5FC0091FF21 /* SpeakersDetailsViewController.xib */,
				D00438E6208DBE0C00173602 /* SessionsDetailsViewController.swift */,
				D00438E9208DC0E000173602 /* SessionsDetailsViewController.xib */,
				D05AA5A9208C64F2002DC68C /* Assets.xcassets */,
				D05AA5AB208C64F2002DC68C /* LaunchScreen.storyboard */,
				D05AA5C7208C7902002DC68C /* Localizable.strings */,
				D05AA5CE208C7A9A002DC68C /* R.generated.swift */,
				D05AA5AE208C64F2002DC68C /* Info.plist */,
				D0A59F5220AAD79D0011173F /* InfoPlist.strings */,
				D05AA5E7208C8859002DC68C /* Utils.swift */,
				440802372369C4B900318F38 /* TabBarController.swift */,
				440802392369E2C100318F38 /* CustomSegmentedControl.swift */,
				4408023B2369E39700318F38 /* LocationsView.swift */,
				444552E9236BE31E009E1C22 /* NavigationController.swift */,
			);
			path = MobileEra;
			sourceTree = "<group>";
		};
		D05AA5D3208C8137002DC68C /* Datasources */ = {
			isa = PBXGroup;
			children = (
				D05AA5D4208C8152002DC68C /* ScheduleSource.swift */,
				D0A59F5E20AB83D90011173F /* SpeakersSource.swift */,
			);
			path = Datasources;
			sourceTree = "<group>";
		};
		D05AA5D6208C81B0002DC68C /* Model */ = {
			isa = PBXGroup;
			children = (
				D05AA5D7208C8260002DC68C /* Tag.swift */,
				D05AA5D9208C8332002DC68C /* Speaker.swift */,
				D05AA5DB208C83EA002DC68C /* Social.swift */,
				D05AA5DD208C84B0002DC68C /* Session.swift */,
				D05AA5E1208C85B4002DC68C /* Day.swift */,
				D05AA5E5208C8663002DC68C /* Timeslot.swift */,
			);
			path = Model;
			sourceTree = "<group>";
		};
		D05AA5EE208C8C48002DC68C /* Cells */ = {
			isa = PBXGroup;
			children = (
				D05AA5FC208CDF8A002DC68C /* SessionTableViewCell.swift */,
				D05AA5FB208CDF8A002DC68C /* SessionTableViewCell.xib */,
				D05AA5EF208C8C94002DC68C /* UICustomTableViewCell.swift */,
				D05AA5F7208CDE91002DC68C /* SessionTableViewHeader.swift */,
				D05AA5FF208CDFA4002DC68C /* SessionTableViewHeader.xib */,
				D0F51F93208D2725000E08AE /* SessionTableViewLegendCell.swift */,
				D0F51F94208D2725000E08AE /* SessionTableViewLegendCell.xib */,
				D0A59F5A20AB7ECF0011173F /* SpeakerTableViewCell.swift */,
				D0A59F5B20AB7ECF0011173F /* SpeakerTableViewCell.xib */,
			);
			name = Cells;
			sourceTree = "<group>";
		};
		D0D5B6BD20A74F9000163B45 /* DataManagers */ = {
			isa = PBXGroup;
			children = (
				D0D5B6BE20A74F9E00163B45 /* SettingsDataManager.swift */,
			);
			path = DataManagers;
			sourceTree = "<group>";
		};
		EA2C9D6AD9CFF973AD25C8B9 /* Pods */ = {
			isa = PBXGroup;
			children = (
				82746AF1FF69AE5F44AC4F70 /* Pods-MobileEra.debug.xcconfig */,
				F6922A42D0B34E161FEF2C63 /* Pods-MobileEra.release.xcconfig */,
			);
			path = Pods;
			sourceTree = "<group>";
		};
/* End PBXGroup section */

/* Begin PBXNativeTarget section */
		D05AA59C208C64F1002DC68C /* MobileEra */ = {
			isa = PBXNativeTarget;
			buildConfigurationList = D05AA5BC208C64F2002DC68C /* Build configuration list for PBXNativeTarget "MobileEra" */;
			buildPhases = (
				8B2E72DA717FDFD185874A13 /* [CP] Check Pods Manifest.lock */,
				D05AA5CD208C7A5F002DC68C /* ShellScript */,
				D05AA599208C64F1002DC68C /* Sources */,
				D05AA59A208C64F1002DC68C /* Frameworks */,
				D05AA59B208C64F1002DC68C /* Resources */,
				9A38FE6531803C0078E08EA7 /* [CP] Embed Pods Frameworks */,
			);
			buildRules = (
			);
			dependencies = (
			);
			name = MobileEra;
			productName = "Mobile Era";
			productReference = D05AA59D208C64F1002DC68C /* MobileEra.app */;
			productType = "com.apple.product-type.application";
		};
/* End PBXNativeTarget section */

/* Begin PBXProject section */
		D05AA595208C64F1002DC68C /* Project object */ = {
			isa = PBXProject;
			attributes = {
				LastSwiftUpdateCheck = 0930;
				LastUpgradeCheck = 0930;
				ORGANIZATIONNAME = FotMob;
				TargetAttributes = {
					D05AA59C208C64F1002DC68C = {
						CreatedOnToolsVersion = 9.3;
						LastSwiftMigration = 1030;
					};
				};
			};
			buildConfigurationList = D05AA598208C64F1002DC68C /* Build configuration list for PBXProject "MobileEra" */;
			compatibilityVersion = "Xcode 9.3";
			developmentRegion = en;
			hasScannedForEncodings = 0;
			knownRegions = (
				en,
				Base,
			);
			mainGroup = D05AA594208C64F1002DC68C;
			productRefGroup = D05AA59E208C64F1002DC68C /* Products */;
			projectDirPath = "";
			projectRoot = "";
			targets = (
				D05AA59C208C64F1002DC68C /* MobileEra */,
			);
		};
/* End PBXProject section */

/* Begin PBXResourcesBuildPhase section */
		D05AA59B208C64F1002DC68C /* Resources */ = {
			isa = PBXResourcesBuildPhase;
			buildActionMask = 2147483647;
			files = (
				D0A59F5D20AB7ECF0011173F /* SpeakerTableViewCell.xib in Resources */,
				D05AA5FD208CDF8A002DC68C /* SessionTableViewCell.xib in Resources */,
				D05AA5AD208C64F2002DC68C /* LaunchScreen.storyboard in Resources */,
				D0DBBD6220B2D5FC0091FF21 /* SpeakersDetailsViewController.xib in Resources */,
				D05AA5C9208C7902002DC68C /* Localizable.strings in Resources */,
				D05AA5F6208C981E002DC68C /* GoogleService-Info.plist in Resources */,
				D05AA600208CDFA4002DC68C /* SessionTableViewHeader.xib in Resources */,
				D0F51F96208D2725000E08AE /* SessionTableViewLegendCell.xib in Resources */,
				D05AA5AA208C64F2002DC68C /* Assets.xcassets in Resources */,
				D0A59F5020AAD79D0011173F /* InfoPlist.strings in Resources */,
				D00438EB208DC0E000173602 /* SessionsDetailsViewController.xib in Resources */,
			);
			runOnlyForDeploymentPostprocessing = 0;
		};
/* End PBXResourcesBuildPhase section */

/* Begin PBXShellScriptBuildPhase section */
		8B2E72DA717FDFD185874A13 /* [CP] Check Pods Manifest.lock */ = {
			isa = PBXShellScriptBuildPhase;
			buildActionMask = 2147483647;
			files = (
			);
			inputFileListPaths = (
			);
			inputPaths = (
				"${PODS_PODFILE_DIR_PATH}/Podfile.lock",
				"${PODS_ROOT}/Manifest.lock",
			);
			name = "[CP] Check Pods Manifest.lock";
			outputFileListPaths = (
			);
			outputPaths = (
				"$(DERIVED_FILE_DIR)/Pods-MobileEra-checkManifestLockResult.txt",
			);
			runOnlyForDeploymentPostprocessing = 0;
			shellPath = /bin/sh;
			shellScript = "diff \"${PODS_PODFILE_DIR_PATH}/Podfile.lock\" \"${PODS_ROOT}/Manifest.lock\" > /dev/null\nif [ $? != 0 ] ; then\n    # print error to STDERR\n    echo \"error: The sandbox is not in sync with the Podfile.lock. Run 'pod install' or update your CocoaPods installation.\" >&2\n    exit 1\nfi\n# This output is used by Xcode 'outputs' to avoid re-running this script phase.\necho \"SUCCESS\" > \"${SCRIPT_OUTPUT_FILE_0}\"\n";
			showEnvVarsInLog = 0;
		};
		9A38FE6531803C0078E08EA7 /* [CP] Embed Pods Frameworks */ = {
			isa = PBXShellScriptBuildPhase;
			buildActionMask = 2147483647;
			files = (
			);
			inputFileListPaths = (
				"${PODS_ROOT}/Target Support Files/Pods-MobileEra/Pods-MobileEra-frameworks-${CONFIGURATION}-input-files.xcfilelist",
			);
			name = "[CP] Embed Pods Frameworks";
			outputFileListPaths = (
				"${PODS_ROOT}/Target Support Files/Pods-MobileEra/Pods-MobileEra-frameworks-${CONFIGURATION}-output-files.xcfilelist",
			);
			runOnlyForDeploymentPostprocessing = 0;
			shellPath = /bin/sh;
			shellScript = "\"${PODS_ROOT}/Target Support Files/Pods-MobileEra/Pods-MobileEra-frameworks.sh\"\n";
			showEnvVarsInLog = 0;
		};
		D05AA5CD208C7A5F002DC68C /* ShellScript */ = {
			isa = PBXShellScriptBuildPhase;
			buildActionMask = 2147483647;
			files = (
			);
			inputPaths = (
				"$TEMP_DIR/rswift-lastrun",
			);
			outputPaths = (
				$SRCROOT/R.generated.swift,
			);
			runOnlyForDeploymentPostprocessing = 0;
			shellPath = /bin/sh;
			shellScript = "\"$PODS_ROOT/R.swift/rswift\" generate \"$SRCROOT/R.generated.swift\"\n";
		};
/* End PBXShellScriptBuildPhase section */

/* Begin PBXSourcesBuildPhase section */
		D05AA599208C64F1002DC68C /* Sources */ = {
			isa = PBXSourcesBuildPhase;
			buildActionMask = 2147483647;
			files = (
				D05AA5FE208CDF8A002DC68C /* SessionTableViewCell.swift in Sources */,
				D05AA5DE208C84B0002DC68C /* Session.swift in Sources */,
				D0DBBD6020B2D59C0091FF21 /* SpeakersDetailsViewController.swift in Sources */,
				D0A59F5520AAF1470011173F /* BaseViewController.swift in Sources */,
				D05AA5A5208C64F1002DC68C /* SpeakersViewController.swift in Sources */,
				D05AA5E6208C8663002DC68C /* Timeslot.swift in Sources */,
				D0F51F95208D2725000E08AE /* SessionTableViewLegendCell.swift in Sources */,
				444552EA236BE31E009E1C22 /* NavigationController.swift in Sources */,
				D05AA5E2208C85B4002DC68C /* Day.swift in Sources */,
				D05AA5E8208C8859002DC68C /* Utils.swift in Sources */,
				440802382369C4B900318F38 /* TabBarController.swift in Sources */,
				D05AA5D5208C8152002DC68C /* ScheduleSource.swift in Sources */,
				D00438E7208DBE0C00173602 /* SessionsDetailsViewController.swift in Sources */,
				D0D5B6BF20A74F9E00163B45 /* SettingsDataManager.swift in Sources */,
				D05AA5A1208C64F1002DC68C /* AppDelegate.swift in Sources */,
				D05AA5F0208C8C94002DC68C /* UICustomTableViewCell.swift in Sources */,
				444AB680236B5761004E8EC9 /* GoogleMapsLoader.swift in Sources */,
				4408023C2369E39700318F38 /* LocationsView.swift in Sources */,
				D0A59F5F20AB83D90011173F /* SpeakersSource.swift in Sources */,
				444AB67E236B5761004E8EC9 /* MapAppLoader.swift in Sources */,
				D05AA5DA208C8332002DC68C /* Speaker.swift in Sources */,
				D05AA5D8208C8260002DC68C /* Tag.swift in Sources */,
				D05AA5CF208C7A9A002DC68C /* R.generated.swift in Sources */,
				D05AA5C3208C6AB2002DC68C /* VenueViewController.swift in Sources */,
				D0A59F5C20AB7ECF0011173F /* SpeakerTableViewCell.swift in Sources */,
				D05AA5A3208C64F1002DC68C /* ScheduleViewController.swift in Sources */,
				D05AA5F8208CDE91002DC68C /* SessionTableViewHeader.swift in Sources */,
				4408023A2369E2C100318F38 /* CustomSegmentedControl.swift in Sources */,
				444AB67F236B5761004E8EC9 /* AppleMapsLoader.swift in Sources */,
				D05AA5DC208C83EA002DC68C /* Social.swift in Sources */,
			);
			runOnlyForDeploymentPostprocessing = 0;
		};
/* End PBXSourcesBuildPhase section */

/* Begin PBXVariantGroup section */
		D05AA5AB208C64F2002DC68C /* LaunchScreen.storyboard */ = {
			isa = PBXVariantGroup;
			children = (
				D05AA5AC208C64F2002DC68C /* Base */,
			);
			name = LaunchScreen.storyboard;
			sourceTree = "<group>";
		};
		D05AA5C7208C7902002DC68C /* Localizable.strings */ = {
			isa = PBXVariantGroup;
			children = (
				D05AA5C8208C7902002DC68C /* en */,
			);
			name = Localizable.strings;
			sourceTree = "<group>";
		};
		D0A59F5220AAD79D0011173F /* InfoPlist.strings */ = {
			isa = PBXVariantGroup;
			children = (
				D0A59F5320AAD7A30011173F /* en */,
			);
			name = InfoPlist.strings;
			sourceTree = "<group>";
		};
/* End PBXVariantGroup section */

/* Begin XCBuildConfiguration section */
		D05AA5BA208C64F2002DC68C /* Debug */ = {
			isa = XCBuildConfiguration;
			buildSettings = {
				ALWAYS_SEARCH_USER_PATHS = NO;
				CLANG_ANALYZER_LOCALIZABILITY_NONLOCALIZED = YES;
				CLANG_ANALYZER_NONNULL = YES;
				CLANG_ANALYZER_NUMBER_OBJECT_CONVERSION = YES_AGGRESSIVE;
				CLANG_CXX_LANGUAGE_STANDARD = "gnu++14";
				CLANG_CXX_LIBRARY = "libc++";
				CLANG_ENABLE_MODULES = YES;
				CLANG_ENABLE_OBJC_ARC = YES;
				CLANG_ENABLE_OBJC_WEAK = YES;
				CLANG_WARN_BLOCK_CAPTURE_AUTORELEASING = YES;
				CLANG_WARN_BOOL_CONVERSION = YES;
				CLANG_WARN_COMMA = YES;
				CLANG_WARN_CONSTANT_CONVERSION = YES;
				CLANG_WARN_DEPRECATED_OBJC_IMPLEMENTATIONS = YES;
				CLANG_WARN_DIRECT_OBJC_ISA_USAGE = YES_ERROR;
				CLANG_WARN_DOCUMENTATION_COMMENTS = YES;
				CLANG_WARN_EMPTY_BODY = YES;
				CLANG_WARN_ENUM_CONVERSION = YES;
				CLANG_WARN_INFINITE_RECURSION = YES;
				CLANG_WARN_INT_CONVERSION = YES;
				CLANG_WARN_NON_LITERAL_NULL_CONVERSION = YES;
				CLANG_WARN_OBJC_IMPLICIT_RETAIN_SELF = YES;
				CLANG_WARN_OBJC_LITERAL_CONVERSION = YES;
				CLANG_WARN_OBJC_ROOT_CLASS = YES_ERROR;
				CLANG_WARN_RANGE_LOOP_ANALYSIS = YES;
				CLANG_WARN_STRICT_PROTOTYPES = YES;
				CLANG_WARN_SUSPICIOUS_MOVE = YES;
				CLANG_WARN_UNGUARDED_AVAILABILITY = YES_AGGRESSIVE;
				CLANG_WARN_UNREACHABLE_CODE = YES;
				CLANG_WARN__DUPLICATE_METHOD_MATCH = YES;
				CODE_SIGN_IDENTITY = "iPhone Developer";
				COPY_PHASE_STRIP = NO;
				DEBUG_INFORMATION_FORMAT = dwarf;
				ENABLE_STRICT_OBJC_MSGSEND = YES;
				ENABLE_TESTABILITY = YES;
				GCC_C_LANGUAGE_STANDARD = gnu11;
				GCC_DYNAMIC_NO_PIC = NO;
				GCC_NO_COMMON_BLOCKS = YES;
				GCC_OPTIMIZATION_LEVEL = 0;
				GCC_PREPROCESSOR_DEFINITIONS = (
					"DEBUG=1",
					"$(inherited)",
				);
				GCC_WARN_64_TO_32_BIT_CONVERSION = YES;
				GCC_WARN_ABOUT_RETURN_TYPE = YES_ERROR;
				GCC_WARN_UNDECLARED_SELECTOR = YES;
				GCC_WARN_UNINITIALIZED_AUTOS = YES_AGGRESSIVE;
				GCC_WARN_UNUSED_FUNCTION = YES;
				GCC_WARN_UNUSED_VARIABLE = YES;
				IPHONEOS_DEPLOYMENT_TARGET = 12.0;
				MTL_ENABLE_DEBUG_INFO = YES;
				ONLY_ACTIVE_ARCH = YES;
				SDKROOT = iphoneos;
				SWIFT_ACTIVE_COMPILATION_CONDITIONS = DEBUG;
				SWIFT_OPTIMIZATION_LEVEL = "-Onone";
			};
			name = Debug;
		};
		D05AA5BB208C64F2002DC68C /* Release */ = {
			isa = XCBuildConfiguration;
			buildSettings = {
				ALWAYS_SEARCH_USER_PATHS = NO;
				CLANG_ANALYZER_LOCALIZABILITY_NONLOCALIZED = YES;
				CLANG_ANALYZER_NONNULL = YES;
				CLANG_ANALYZER_NUMBER_OBJECT_CONVERSION = YES_AGGRESSIVE;
				CLANG_CXX_LANGUAGE_STANDARD = "gnu++14";
				CLANG_CXX_LIBRARY = "libc++";
				CLANG_ENABLE_MODULES = YES;
				CLANG_ENABLE_OBJC_ARC = YES;
				CLANG_ENABLE_OBJC_WEAK = YES;
				CLANG_WARN_BLOCK_CAPTURE_AUTORELEASING = YES;
				CLANG_WARN_BOOL_CONVERSION = YES;
				CLANG_WARN_COMMA = YES;
				CLANG_WARN_CONSTANT_CONVERSION = YES;
				CLANG_WARN_DEPRECATED_OBJC_IMPLEMENTATIONS = YES;
				CLANG_WARN_DIRECT_OBJC_ISA_USAGE = YES_ERROR;
				CLANG_WARN_DOCUMENTATION_COMMENTS = YES;
				CLANG_WARN_EMPTY_BODY = YES;
				CLANG_WARN_ENUM_CONVERSION = YES;
				CLANG_WARN_INFINITE_RECURSION = YES;
				CLANG_WARN_INT_CONVERSION = YES;
				CLANG_WARN_NON_LITERAL_NULL_CONVERSION = YES;
				CLANG_WARN_OBJC_IMPLICIT_RETAIN_SELF = YES;
				CLANG_WARN_OBJC_LITERAL_CONVERSION = YES;
				CLANG_WARN_OBJC_ROOT_CLASS = YES_ERROR;
				CLANG_WARN_RANGE_LOOP_ANALYSIS = YES;
				CLANG_WARN_STRICT_PROTOTYPES = YES;
				CLANG_WARN_SUSPICIOUS_MOVE = YES;
				CLANG_WARN_UNGUARDED_AVAILABILITY = YES_AGGRESSIVE;
				CLANG_WARN_UNREACHABLE_CODE = YES;
				CLANG_WARN__DUPLICATE_METHOD_MATCH = YES;
				CODE_SIGN_IDENTITY = "iPhone Developer";
				COPY_PHASE_STRIP = NO;
				DEBUG_INFORMATION_FORMAT = "dwarf-with-dsym";
				ENABLE_NS_ASSERTIONS = NO;
				ENABLE_STRICT_OBJC_MSGSEND = YES;
				GCC_C_LANGUAGE_STANDARD = gnu11;
				GCC_NO_COMMON_BLOCKS = YES;
				GCC_WARN_64_TO_32_BIT_CONVERSION = YES;
				GCC_WARN_ABOUT_RETURN_TYPE = YES_ERROR;
				GCC_WARN_UNDECLARED_SELECTOR = YES;
				GCC_WARN_UNINITIALIZED_AUTOS = YES_AGGRESSIVE;
				GCC_WARN_UNUSED_FUNCTION = YES;
				GCC_WARN_UNUSED_VARIABLE = YES;
				IPHONEOS_DEPLOYMENT_TARGET = 12.0;
				MTL_ENABLE_DEBUG_INFO = NO;
				SDKROOT = iphoneos;
				SWIFT_COMPILATION_MODE = wholemodule;
				SWIFT_OPTIMIZATION_LEVEL = "-O";
				VALIDATE_PRODUCT = YES;
			};
			name = Release;
		};
		D05AA5BD208C64F2002DC68C /* Debug */ = {
			isa = XCBuildConfiguration;
			baseConfigurationReference = 82746AF1FF69AE5F44AC4F70 /* Pods-MobileEra.debug.xcconfig */;
			buildSettings = {
				ASSETCATALOG_COMPILER_APPICON_NAME = AppIcon;
				CODE_SIGN_IDENTITY = "iPhone Developer";
				CODE_SIGN_STYLE = Automatic;
				CURRENT_PROJECT_VERSION = 103;
				DEVELOPMENT_TEAM = 747P4M9HQU;
				INFOPLIST_FILE = MobileEra/Info.plist;
				LD_RUNPATH_SEARCH_PATHS = (
					"$(inherited)",
					"@executable_path/Frameworks",
				);
				MARKETING_VERSION = 1.1.0;
				PRODUCT_BUNDLE_IDENTIFIER = "rocks.mobileera.Mobile-Era";
				PRODUCT_NAME = "$(TARGET_NAME)";
				PROVISIONING_PROFILE_SPECIFIER = "";
				SWIFT_VERSION = 5.0;
				TARGETED_DEVICE_FAMILY = 1;
			};
			name = Debug;
		};
		D05AA5BE208C64F2002DC68C /* Release */ = {
			isa = XCBuildConfiguration;
			baseConfigurationReference = F6922A42D0B34E161FEF2C63 /* Pods-MobileEra.release.xcconfig */;
			buildSettings = {
				ASSETCATALOG_COMPILER_APPICON_NAME = AppIcon;
				CODE_SIGN_IDENTITY = "iPhone Developer";
				CODE_SIGN_STYLE = Automatic;
				CURRENT_PROJECT_VERSION = 103;
				DEVELOPMENT_TEAM = 747P4M9HQU;
				INFOPLIST_FILE = MobileEra/Info.plist;
				LD_RUNPATH_SEARCH_PATHS = (
					"$(inherited)",
					"@executable_path/Frameworks",
				);
				MARKETING_VERSION = 1.1.0;
				PRODUCT_BUNDLE_IDENTIFIER = "rocks.mobileera.Mobile-Era";
				PRODUCT_NAME = "$(TARGET_NAME)";
				PROVISIONING_PROFILE_SPECIFIER = "";
				SWIFT_VERSION = 5.0;
				TARGETED_DEVICE_FAMILY = 1;
			};
			name = Release;
		};
/* End XCBuildConfiguration section */

/* Begin XCConfigurationList section */
		D05AA598208C64F1002DC68C /* Build configuration list for PBXProject "MobileEra" */ = {
			isa = XCConfigurationList;
			buildConfigurations = (
				D05AA5BA208C64F2002DC68C /* Debug */,
				D05AA5BB208C64F2002DC68C /* Release */,
			);
			defaultConfigurationIsVisible = 0;
			defaultConfigurationName = Release;
		};
		D05AA5BC208C64F2002DC68C /* Build configuration list for PBXNativeTarget "MobileEra" */ = {
			isa = XCConfigurationList;
			buildConfigurations = (
				D05AA5BD208C64F2002DC68C /* Debug */,
				D05AA5BE208C64F2002DC68C /* Release */,
			);
			defaultConfigurationIsVisible = 0;
			defaultConfigurationName = Release;
		};
/* End XCConfigurationList section */
	};
	rootObject = D05AA595208C64F1002DC68C /* Project object */;
}
